
Microsoft Visual Studio Solution File, Format Version 12.00
# Visual Studio Version 17
VisualStudioVersion = 17.4.33205.214
MinimumVisualStudioVersion = 10.0.40219.1
Project("{FAE04EC0-301F-11D3-BF4B-00C04F79EFBC}") = "2", "2\2.csproj", "{580DBD6D-243C-42C3-9023-FF0CDF0C39FA}"
EndProject
Global
	GlobalSection(SolutionConfigurationPlatforms) = preSolution
		Debug|Any CPU = Debug|Any CPU
		Release|Any CPU = Release|Any CPU
	EndGlobalSection
	GlobalSection(ProjectConfigurationPlatforms) = postSolution
		{580DBD6D-243C-42C3-9023-FF0CDF0C39FA}.Debug|Any CPU.ActiveCfg = Debug|Any CPU
		{580DBD6D-243C-42C3-9023-FF0CDF0C39FA}.Debug|Any CPU.Build.0 = Debug|Any CPU
		{580DBD6D-243C-42C3-9023-FF0CDF0C39FA}.Release|Any CPU.ActiveCfg = Release|Any CPU
		{580DBD6D-243C-42C3-9023-FF0CDF0C39FA}.Release|Any CPU.Build.0 = Release|Any CPU
	EndGlobalSection
	GlobalSection(SolutionProperties) = preSolution
		HideSolutionNode = FALSE
	EndGlobalSection
	GlobalSection(ExtensibilityGlobals) = postSolution
		SolutionGuid = {B5D40690-0FB4-4912-84F8-5FE2328FD37D}
	EndGlobalSection
EndGlobal
